// !$*UTF8*$!
{
	archiveVersion = 1;
	classes = {
	};
	objectVersion = 55;
	objects = {

/* Begin PBXBuildFile section */
		530F13CA288B2E5F00B2E833 /* AppDelegate.swift in Sources */ = {isa = PBXBuildFile; fileRef = 530F13C9288B2E5F00B2E833 /* AppDelegate.swift */; };
		530F13CC288B2E5F00B2E833 /* SceneDelegate.swift in Sources */ = {isa = PBXBuildFile; fileRef = 530F13CB288B2E5F00B2E833 /* SceneDelegate.swift */; };
		530F13CE288B2E5F00B2E833 /* MovieViewController.swift in Sources */ = {isa = PBXBuildFile; fileRef = 530F13CD288B2E5F00B2E833 /* MovieViewController.swift */; };
		530F13D1288B2E5F00B2E833 /* Main.storyboard in Resources */ = {isa = PBXBuildFile; fileRef = 530F13CF288B2E5F00B2E833 /* Main.storyboard */; };
		530F13D6288B2E6200B2E833 /* Assets.xcassets in Resources */ = {isa = PBXBuildFile; fileRef = 530F13D5288B2E6200B2E833 /* Assets.xcassets */; };
		530F13D9288B2E6200B2E833 /* LaunchScreen.storyboard in Resources */ = {isa = PBXBuildFile; fileRef = 530F13D7288B2E6200B2E833 /* LaunchScreen.storyboard */; };
		530F13E1288B500B00B2E833 /* MoviesTableViewController.swift in Sources */ = {isa = PBXBuildFile; fileRef = 530F13E0288B500B00B2E833 /* MoviesTableViewController.swift */; };
		536D0336288C6E0D0076C2E8 /* MapViewController.swift in Sources */ = {isa = PBXBuildFile; fileRef = 536D0335288C6E0D0076C2E8 /* MapViewController.swift */; };
		536DCD9A288BB5B700FE4767 /* MovieFormViewController.swift in Sources */ = {isa = PBXBuildFile; fileRef = 536DCD99288BB5B700FE4767 /* MovieFormViewController.swift */; };
		536DCD9D288BBF9400FE4767 /* MoviesLib.xcdatamodeld in Sources */ = {isa = PBXBuildFile; fileRef = 536DCD9B288BBF9400FE4767 /* MoviesLib.xcdatamodeld */; };
		536DCD9F288BC55B00FE4767 /* UIViewController+Context.swift in Sources */ = {isa = PBXBuildFile; fileRef = 536DCD9E288BC55B00FE4767 /* UIViewController+Context.swift */; };
		53738A85288B795A00541F51 /* MovieTableViewCell.swift in Sources */ = {isa = PBXBuildFile; fileRef = 53738A84288B795A00541F51 /* MovieTableViewCell.swift */; };
/* End PBXBuildFile section */

/* Begin PBXFileReference section */
		530F13C6288B2E5F00B2E833 /* AppAula.app */ = {isa = PBXFileReference; explicitFileType = wrapper.application; includeInIndex = 0; path = AppAula.app; sourceTree = BUILT_PRODUCTS_DIR; };
		530F13C9288B2E5F00B2E833 /* AppDelegate.swift */ = {isa = PBXFileReference; lastKnownFileType = sourcecode.swift; path = AppDelegate.swift; sourceTree = "<group>"; };
		530F13CB288B2E5F00B2E833 /* SceneDelegate.swift */ = {isa = PBXFileReference; lastKnownFileType = sourcecode.swift; path = SceneDelegate.swift; sourceTree = "<group>"; };
		530F13CD288B2E5F00B2E833 /* MovieViewController.swift */ = {isa = PBXFileReference; lastKnownFileType = sourcecode.swift; path = MovieViewController.swift; sourceTree = "<group>"; };
		530F13D0288B2E5F00B2E833 /* Base */ = {isa = PBXFileReference; lastKnownFileType = file.storyboard; name = Base; path = Base.lproj/Main.storyboard; sourceTree = "<group>"; };
		530F13D5288B2E6200B2E833 /* Assets.xcassets */ = {isa = PBXFileReference; lastKnownFileType = folder.assetcatalog; path = Assets.xcassets; sourceTree = "<group>"; };
		530F13D8288B2E6200B2E833 /* Base */ = {isa = PBXFileReference; lastKnownFileType = file.storyboard; name = Base; path = Base.lproj/LaunchScreen.storyboard; sourceTree = "<group>"; };
		530F13DA288B2E6200B2E833 /* Info.plist */ = {isa = PBXFileReference; lastKnownFileType = text.plist.xml; path = Info.plist; sourceTree = "<group>"; };
		530F13E0288B500B00B2E833 /* MoviesTableViewController.swift */ = {isa = PBXFileReference; lastKnownFileType = sourcecode.swift; path = MoviesTableViewController.swift; sourceTree = "<group>"; };
		536D0335288C6E0D0076C2E8 /* MapViewController.swift */ = {isa = PBXFileReference; lastKnownFileType = sourcecode.swift; path = MapViewController.swift; sourceTree = "<group>"; };
		536DCD99288BB5B700FE4767 /* MovieFormViewController.swift */ = {isa = PBXFileReference; lastKnownFileType = sourcecode.swift; path = MovieFormViewController.swift; sourceTree = "<group>"; };
		536DCD9C288BBF9400FE4767 /* MoviesLib.xcdatamodel */ = {isa = PBXFileReference; lastKnownFileType = wrapper.xcdatamodel; path = MoviesLib.xcdatamodel; sourceTree = "<group>"; };
		536DCD9E288BC55B00FE4767 /* UIViewController+Context.swift */ = {isa = PBXFileReference; lastKnownFileType = sourcecode.swift; path = "UIViewController+Context.swift"; sourceTree = "<group>"; };
		53738A84288B795A00541F51 /* MovieTableViewCell.swift */ = {isa = PBXFileReference; lastKnownFileType = sourcecode.swift; path = MovieTableViewCell.swift; sourceTree = "<group>"; };
/* End PBXFileReference section */

/* Begin PBXFrameworksBuildPhase section */
		530F13C3288B2E5F00B2E833 /* Frameworks */ = {
			isa = PBXFrameworksBuildPhase;
			buildActionMask = 2147483647;
			files = (
			);
			runOnlyForDeploymentPostprocessing = 0;
		};
/* End PBXFrameworksBuildPhase section */

/* Begin PBXGroup section */
		530F13BD288B2E5F00B2E833 = {
			isa = PBXGroup;
			children = (
				530F13C8288B2E5F00B2E833 /* AppAula */,
				530F13C7288B2E5F00B2E833 /* Products */,
			);
			sourceTree = "<group>";
		};
		530F13C7288B2E5F00B2E833 /* Products */ = {
			isa = PBXGroup;
			children = (
				530F13C6288B2E5F00B2E833 /* AppAula.app */,
			);
			name = Products;
			sourceTree = "<group>";
		};
		530F13C8288B2E5F00B2E833 /* AppAula */ = {
			isa = PBXGroup;
			children = (
				530F13C9288B2E5F00B2E833 /* AppDelegate.swift */,
				530F13CB288B2E5F00B2E833 /* SceneDelegate.swift */,
				530F13CD288B2E5F00B2E833 /* MovieViewController.swift */,
				530F13CF288B2E5F00B2E833 /* Main.storyboard */,
				530F13E0288B500B00B2E833 /* MoviesTableViewController.swift */,
				53738A84288B795A00541F51 /* MovieTableViewCell.swift */,
				536DCD99288BB5B700FE4767 /* MovieFormViewController.swift */,
				536DCD9B288BBF9400FE4767 /* MoviesLib.xcdatamodeld */,
				536DCD9E288BC55B00FE4767 /* UIViewController+Context.swift */,
				536D0335288C6E0D0076C2E8 /* MapViewController.swift */,
				530F13D5288B2E6200B2E833 /* Assets.xcassets */,
				530F13D7288B2E6200B2E833 /* LaunchScreen.storyboard */,
				530F13DA288B2E6200B2E833 /* Info.plist */,
			);
			path = AppAula;
			sourceTree = "<group>";
		};
/* End PBXGroup section */

/* Begin PBXNativeTarget section */
		530F13C5288B2E5F00B2E833 /* AppAula */ = {
			isa = PBXNativeTarget;
			buildConfigurationList = 530F13DD288B2E6200B2E833 /* Build configuration list for PBXNativeTarget "AppAula" */;
			buildPhases = (
				530F13C2288B2E5F00B2E833 /* Sources */,
				530F13C3288B2E5F00B2E833 /* Frameworks */,
				530F13C4288B2E5F00B2E833 /* Resources */,
			);
			buildRules = (
			);
			dependencies = (
			);
			name = AppAula;
			productName = AppAula;
			productReference = 530F13C6288B2E5F00B2E833 /* AppAula.app */;
			productType = "com.apple.product-type.application";
		};
/* End PBXNativeTarget section */

/* Begin PBXProject section */
		530F13BE288B2E5F00B2E833 /* Project object */ = {
			isa = PBXProject;
			attributes = {
				BuildIndependentTargetsInParallel = 1;
				LastSwiftUpdateCheck = 1340;
				LastUpgradeCheck = 1340;
				TargetAttributes = {
					530F13C5288B2E5F00B2E833 = {
						CreatedOnToolsVersion = 13.4.1;
					};
				};
			};
			buildConfigurationList = 530F13C1288B2E5F00B2E833 /* Build configuration list for PBXProject "AppAula" */;
			compatibilityVersion = "Xcode 13.0";
			developmentRegion = en;
			hasScannedForEncodings = 0;
			knownRegions = (
				en,
				Base,
			);
			mainGroup = 530F13BD288B2E5F00B2E833;
			productRefGroup = 530F13C7288B2E5F00B2E833 /* Products */;
			projectDirPath = "";
			projectRoot = "";
			targets = (
				530F13C5288B2E5F00B2E833 /* AppAula */,
			);
		};
/* End PBXProject section */

/* Begin PBXResourcesBuildPhase section */
		530F13C4288B2E5F00B2E833 /* Resources */ = {
			isa = PBXResourcesBuildPhase;
			buildActionMask = 2147483647;
			files = (
				530F13D9288B2E6200B2E833 /* LaunchScreen.storyboard in Resources */,
				530F13D6288B2E6200B2E833 /* Assets.xcassets in Resources */,
				530F13D1288B2E5F00B2E833 /* Main.storyboard in Resources */,
			);
			runOnlyForDeploymentPostprocessing = 0;
		};
/* End PBXResourcesBuildPhase section */

/* Begin PBXSourcesBuildPhase section */
		530F13C2288B2E5F00B2E833 /* Sources */ = {
			isa = PBXSourcesBuildPhase;
			buildActionMask = 2147483647;
			files = (
				536DCD9D288BBF9400FE4767 /* MoviesLib.xcdatamodeld in Sources */,
				536DCD9F288BC55B00FE4767 /* UIViewController+Context.swift in Sources */,
				530F13CE288B2E5F00B2E833 /* MovieViewController.swift in Sources */,
				53738A85288B795A00541F51 /* MovieTableViewCell.swift in Sources */,
				536D0336288C6E0D0076C2E8 /* MapViewController.swift in Sources */,
				530F13CA288B2E5F00B2E833 /* AppDelegate.swift in Sources */,
				536DCD9A288BB5B700FE4767 /* MovieFormViewController.swift in Sources */,
				530F13E1288B500B00B2E833 /* MoviesTableViewController.swift in Sources */,
				530F13CC288B2E5F00B2E833 /* SceneDelegate.swift in Sources */,
			);
			runOnlyForDeploymentPostprocessing = 0;
		};
/* End PBXSourcesBuildPhase section */

/* Begin PBXVariantGroup section */
		530F13CF288B2E5F00B2E833 /* Main.storyboard */ = {
			isa = PBXVariantGroup;
			children = (
				530F13D0288B2E5F00B2E833 /* Base */,
			);
			name = Main.storyboard;
			sourceTree = "<group>";
		};
		530F13D7288B2E6200B2E833 /* LaunchScreen.storyboard */ = {
			isa = PBXVariantGroup;
			children = (
				530F13D8288B2E6200B2E833 /* Base */,
			);
			name = LaunchScreen.storyboard;
			sourceTree = "<group>";
		};
/* End PBXVariantGroup section */

/* Begin XCBuildConfiguration section */
		530F13DB288B2E6200B2E833 /* Debug */ = {
			isa = XCBuildConfiguration;
			buildSettings = {
				ALWAYS_SEARCH_USER_PATHS = NO;
				CLANG_ANALYZER_NONNULL = YES;
				CLANG_ANALYZER_NUMBER_OBJECT_CONVERSION = YES_AGGRESSIVE;
				CLANG_CXX_LANGUAGE_STANDARD = "gnu++17";
				CLANG_ENABLE_MODULES = YES;
				CLANG_ENABLE_OBJC_ARC = YES;
				CLANG_ENABLE_OBJC_WEAK = YES;
				CLANG_WARN_BLOCK_CAPTURE_AUTORELEASING = YES;
				CLANG_WARN_BOOL_CONVERSION = YES;
				CLANG_WARN_COMMA = YES;
				CLANG_WARN_CONSTANT_CONVERSION = YES;
				CLANG_WARN_DEPRECATED_OBJC_IMPLEMENTATIONS = YES;
				CLANG_WARN_DIRECT_OBJC_ISA_USAGE = YES_ERROR;
				CLANG_WARN_DOCUMENTATION_COMMENTS = YES;
				CLANG_WARN_EMPTY_BODY = YES;
				CLANG_WARN_ENUM_CONVERSION = YES;
				CLANG_WARN_INFINITE_RECURSION = YES;
				CLANG_WARN_INT_CONVERSION = YES;
				CLANG_WARN_NON_LITERAL_NULL_CONVERSION = YES;
				CLANG_WARN_OBJC_IMPLICIT_RETAIN_SELF = YES;
				CLANG_WARN_OBJC_LITERAL_CONVERSION = YES;
				CLANG_WARN_OBJC_ROOT_CLASS = YES_ERROR;
				CLANG_WARN_QUOTED_INCLUDE_IN_FRAMEWORK_HEADER = YES;
				CLANG_WARN_RANGE_LOOP_ANALYSIS = YES;
				CLANG_WARN_STRICT_PROTOTYPES = YES;
				CLANG_WARN_SUSPICIOUS_MOVE = YES;
				CLANG_WARN_UNGUARDED_AVAILABILITY = YES_AGGRESSIVE;
				CLANG_WARN_UNREACHABLE_CODE = YES;
				CLANG_WARN__DUPLICATE_METHOD_MATCH = YES;
				COPY_PHASE_STRIP = NO;
				DEBUG_INFORMATION_FORMAT = dwarf;
				ENABLE_STRICT_OBJC_MSGSEND = YES;
				ENABLE_TESTABILITY = YES;
				GCC_C_LANGUAGE_STANDARD = gnu11;
				GCC_DYNAMIC_NO_PIC = NO;
				GCC_NO_COMMON_BLOCKS = YES;
				GCC_OPTIMIZATION_LEVEL = 0;
				GCC_PREPROCESSOR_DEFINITIONS = (
					"DEBUG=1",
					"$(inherited)",
				);
				GCC_WARN_64_TO_32_BIT_CONVERSION = YES;
				GCC_WARN_ABOUT_RETURN_TYPE = YES_ERROR;
				GCC_WARN_UNDECLARED_SELECTOR = YES;
				GCC_WARN_UNINITIALIZED_AUTOS = YES_AGGRESSIVE;
				GCC_WARN_UNUSED_FUNCTION = YES;
				GCC_WARN_UNUSED_VARIABLE = YES;
				IPHONEOS_DEPLOYMENT_TARGET = 15.5;
				MTL_ENABLE_DEBUG_INFO = INCLUDE_SOURCE;
				MTL_FAST_MATH = YES;
				ONLY_ACTIVE_ARCH = YES;
				SDKROOT = iphoneos;
				SWIFT_ACTIVE_COMPILATION_CONDITIONS = DEBUG;
				SWIFT_OPTIMIZATION_LEVEL = "-Onone";
			};
			name = Debug;
		};
		530F13DC288B2E6200B2E833 /* Release */ = {
			isa = XCBuildConfiguration;
			buildSettings = {
				ALWAYS_SEARCH_USER_PATHS = NO;
				CLANG_ANALYZER_NONNULL = YES;
				CLANG_ANALYZER_NUMBER_OBJECT_CONVERSION = YES_AGGRESSIVE;
				CLANG_CXX_LANGUAGE_STANDARD = "gnu++17";
				CLANG_ENABLE_MODULES = YES;
				CLANG_ENABLE_OBJC_ARC = YES;
				CLANG_ENABLE_OBJC_WEAK = YES;
				CLANG_WARN_BLOCK_CAPTURE_AUTORELEASING = YES;
				CLANG_WARN_BOOL_CONVERSION = YES;
				CLANG_WARN_COMMA = YES;
				CLANG_WARN_CONSTANT_CONVERSION = YES;
				CLANG_WARN_DEPRECATED_OBJC_IMPLEMENTATIONS = YES;
				CLANG_WARN_DIRECT_OBJC_ISA_USAGE = YES_ERROR;
				CLANG_WARN_DOCUMENTATION_COMMENTS = YES;
				CLANG_WARN_EMPTY_BODY = YES;
				CLANG_WARN_ENUM_CONVERSION = YES;
				CLANG_WARN_INFINITE_RECURSION = YES;
				CLANG_WARN_INT_CONVERSION = YES;
				CLANG_WARN_NON_LITERAL_NULL_CONVERSION = YES;
				CLANG_WARN_OBJC_IMPLICIT_RETAIN_SELF = YES;
				CLANG_WARN_OBJC_LITERAL_CONVERSION = YES;
				CLANG_WARN_OBJC_ROOT_CLASS = YES_ERROR;
				CLANG_WARN_QUOTED_INCLUDE_IN_FRAMEWORK_HEADER = YES;
				CLANG_WARN_RANGE_LOOP_ANALYSIS = YES;
				CLANG_WARN_STRICT_PROTOTYPES = YES;
				CLANG_WARN_SUSPICIOUS_MOVE = YES;
				CLANG_WARN_UNGUARDED_AVAILABILITY = YES_AGGRESSIVE;
				CLANG_WARN_UNREACHABLE_CODE = YES;
				CLANG_WARN__DUPLICATE_METHOD_MATCH = YES;
				COPY_PHASE_STRIP = NO;
				DEBUG_INFORMATION_FORMAT = "dwarf-with-dsym";
				ENABLE_NS_ASSERTIONS = NO;
				ENABLE_STRICT_OBJC_MSGSEND = YES;
				GCC_C_LANGUAGE_STANDARD = gnu11;
				GCC_NO_COMMON_BLOCKS = YES;
				GCC_WARN_64_TO_32_BIT_CONVERSION = YES;
				GCC_WARN_ABOUT_RETURN_TYPE = YES_ERROR;
				GCC_WARN_UNDECLARED_SELECTOR = YES;
				GCC_WARN_UNINITIALIZED_AUTOS = YES_AGGRESSIVE;
				GCC_WARN_UNUSED_FUNCTION = YES;
				GCC_WARN_UNUSED_VARIABLE = YES;
				IPHONEOS_DEPLOYMENT_TARGET = 15.5;
				MTL_ENABLE_DEBUG_INFO = NO;
				MTL_FAST_MATH = YES;
				SDKROOT = iphoneos;
				SWIFT_COMPILATION_MODE = wholemodule;
				SWIFT_OPTIMIZATION_LEVEL = "-O";
				VALIDATE_PRODUCT = YES;
			};
			name = Release;
		};
		530F13DE288B2E6200B2E833 /* Debug */ = {
			isa = XCBuildConfiguration;
			buildSettings = {
				ASSETCATALOG_COMPILER_APPICON_NAME = AppIcon;
				ASSETCATALOG_COMPILER_GLOBAL_ACCENT_COLOR_NAME = AccentColor;
				CODE_SIGN_STYLE = Automatic;
				CURRENT_PROJECT_VERSION = 1;
				GENERATE_INFOPLIST_FILE = YES;
				INFOPLIST_FILE = AppAula/Info.plist;
				INFOPLIST_KEY_UIApplicationSupportsIndirectInputEvents = YES;
				INFOPLIST_KEY_UILaunchStoryboardName = LaunchScreen;
				INFOPLIST_KEY_UIMainStoryboardFile = Main;
				INFOPLIST_KEY_UISupportedInterfaceOrientations_iPad = "UIInterfaceOrientationPortrait UIInterfaceOrientationPortraitUpsideDown UIInterfaceOrientationLandscapeLeft UIInterfaceOrientationLandscapeRight";
				INFOPLIST_KEY_UISupportedInterfaceOrientations_iPhone = "UIInterfaceOrientationPortrait UIInterfaceOrientationLandscapeLeft UIInterfaceOrientationLandscapeRight";
				LD_RUNPATH_SEARCH_PATHS = (
					"$(inherited)",
					"@executable_path/Frameworks",
				);
				MARKETING_VERSION = 1.0;
				PRODUCT_BUNDLE_IDENTIFIER = unyleya.edu.AppAula;
				PRODUCT_NAME = "$(TARGET_NAME)";
				SWIFT_EMIT_LOC_STRINGS = YES;
				SWIFT_VERSION = 5.0;
				TARGETED_DEVICE_FAMILY = "1,2";
			};
			name = Debug;
		};
		530F13DF288B2E6200B2E833 /* Release */ = {
			isa = XCBuildConfiguration;
			buildSettings = {
				ASSETCATALOG_COMPILER_APPICON_NAME = AppIcon;
				ASSETCATALOG_COMPILER_GLOBAL_ACCENT_COLOR_NAME = AccentColor;
				CODE_SIGN_STYLE = Automatic;
				CURRENT_PROJECT_VERSION = 1;
				GENERATE_INFOPLIST_FILE = YES;
				INFOPLIST_FILE = AppAula/Info.plist;
				INFOPLIST_KEY_UIApplicationSupportsIndirectInputEvents = YES;
				INFOPLIST_KEY_UILaunchStoryboardName = LaunchScreen;
				INFOPLIST_KEY_UIMainStoryboardFile = Main;
				INFOPLIST_KEY_UISupportedInterfaceOrientations_iPad = "UIInterfaceOrientationPortrait UIInterfaceOrientationPortraitUpsideDown UIInterfaceOrientationLandscapeLeft UIInterfaceOrientationLandscapeRight";
				INFOPLIST_KEY_UISupportedInterfaceOrientations_iPhone = "UIInterfaceOrientationPortrait UIInterfaceOrientationLandscapeLeft UIInterfaceOrientationLandscapeRight";
				LD_RUNPATH_SEARCH_PATHS = (
					"$(inherited)",
					"@executable_path/Frameworks",
				);
				MARKETING_VERSION = 1.0;
				PRODUCT_BUNDLE_IDENTIFIER = unyleya.edu.AppAula;
				PRODUCT_NAME = "$(TARGET_NAME)";
				SWIFT_EMIT_LOC_STRINGS = YES;
				SWIFT_VERSION = 5.0;
				TARGETED_DEVICE_FAMILY = "1,2";
			};
			name = Release;
		};
/* End XCBuildConfiguration section */

/* Begin XCConfigurationList section */
		530F13C1288B2E5F00B2E833 /* Build configuration list for PBXProject "AppAula" */ = {
			isa = XCConfigurationList;
			buildConfigurations = (
				530F13DB288B2E6200B2E833 /* Debug */,
				530F13DC288B2E6200B2E833 /* Release */,
			);
			defaultConfigurationIsVisible = 0;
			defaultConfigurationName = Release;
		};
		530F13DD288B2E6200B2E833 /* Build configuration list for PBXNativeTarget "AppAula" */ = {
			isa = XCConfigurationList;
			buildConfigurations = (
				530F13DE288B2E6200B2E833 /* Debug */,
				530F13DF288B2E6200B2E833 /* Release */,
			);
			defaultConfigurationIsVisible = 0;
			defaultConfigurationName = Release;
		};
/* End XCConfigurationList section */

/* Begin XCVersionGroup section */
		536DCD9B288BBF9400FE4767 /* MoviesLib.xcdatamodeld */ = {
			isa = XCVersionGroup;
			children = (
				536DCD9C288BBF9400FE4767 /* MoviesLib.xcdatamodel */,
			);
			currentVersion = 536DCD9C288BBF9400FE4767 /* MoviesLib.xcdatamodel */;
			path = MoviesLib.xcdatamodeld;
			sourceTree = "<group>";
			versionGroupType = wrapper.xcdatamodel;
		};
/* End XCVersionGroup section */
	};
	rootObject = 530F13BE288B2E5F00B2E833 /* Project object */;
}
